
Microsoft Visual Studio Solution File, Format Version 12.00
# Visual Studio Version 16
VisualStudioVersion = 16.0.31702.278
MinimumVisualStudioVersion = 10.0.40219.1
Project("{9A19103F-16F7-4668-BE54-9A1E7A4F7556}") = "Targil0", "Targil0\Targil0.csproj", "{3AB6E92C-C7A1-4016-9340-2F40F2DA1992}"
EndProject
Project("{9A19103F-16F7-4668-BE54-9A1E7A4F7556}") = "DAL", "DAL1\DAL.csproj", "{DD95FD1D-56FA-4F4E-8D24-6EFC65373BA4}"
EndProject
Project("{9A19103F-16F7-4668-BE54-9A1E7A4F7556}") = "ConsoleUI", "ConsoleUI\ConsoleUI.csproj", "{A32247D7-A290-4F2E-BEF8-D3827B5A6D51}"
EndProject
Project("{9A19103F-16F7-4668-BE54-9A1E7A4F7556}") = "BL", "BL\BL.csproj", "{6E2EA2FB-0AC4-415F-9F08-F2565117EF49}"
EndProject
Project("{9A19103F-16F7-4668-BE54-9A1E7A4F7556}") = "ConsoleUI_BL", "ConsoleUI_BL\ConsoleUI_BL.csproj", "{4C47D9BA-184A-4C3C-903C-2E5C78F4C678}"
EndProject
Global
	GlobalSection(SolutionConfigurationPlatforms) = preSolution
		Debug|Any CPU = Debug|Any CPU
		Release|Any CPU = Release|Any CPU
	EndGlobalSection
	GlobalSection(ProjectConfigurationPlatforms) = postSolution
		{3AB6E92C-C7A1-4016-9340-2F40F2DA1992}.Debug|Any CPU.ActiveCfg = Debug|Any CPU
		{3AB6E92C-C7A1-4016-9340-2F40F2DA1992}.Debug|Any CPU.Build.0 = Debug|Any CPU
		{3AB6E92C-C7A1-4016-9340-2F40F2DA1992}.Release|Any CPU.ActiveCfg = Release|Any CPU
		{3AB6E92C-C7A1-4016-9340-2F40F2DA1992}.Release|Any CPU.Build.0 = Release|Any CPU
		{DD95FD1D-56FA-4F4E-8D24-6EFC65373BA4}.Debug|Any CPU.ActiveCfg = Debug|Any CPU
		{DD95FD1D-56FA-4F4E-8D24-6EFC65373BA4}.Debug|Any CPU.Build.0 = Debug|Any CPU
		{DD95FD1D-56FA-4F4E-8D24-6EFC65373BA4}.Release|Any CPU.ActiveCfg = Release|Any CPU
		{DD95FD1D-56FA-4F4E-8D24-6EFC65373BA4}.Release|Any CPU.Build.0 = Release|Any CPU
		{A32247D7-A290-4F2E-BEF8-D3827B5A6D51}.Debug|Any CPU.ActiveCfg = Debug|Any CPU
		{A32247D7-A290-4F2E-BEF8-D3827B5A6D51}.Debug|Any CPU.Build.0 = Debug|Any CPU
		{A32247D7-A290-4F2E-BEF8-D3827B5A6D51}.Release|Any CPU.ActiveCfg = Release|Any CPU
		{A32247D7-A290-4F2E-BEF8-D3827B5A6D51}.Release|Any CPU.Build.0 = Release|Any CPU
		{6E2EA2FB-0AC4-415F-9F08-F2565117EF49}.Debug|Any CPU.ActiveCfg = Debug|Any CPU
		{6E2EA2FB-0AC4-415F-9F08-F2565117EF49}.Debug|Any CPU.Build.0 = Debug|Any CPU
		{6E2EA2FB-0AC4-415F-9F08-F2565117EF49}.Release|Any CPU.ActiveCfg = Release|Any CPU
		{6E2EA2FB-0AC4-415F-9F08-F2565117EF49}.Release|Any CPU.Build.0 = Release|Any CPU
		{4C47D9BA-184A-4C3C-903C-2E5C78F4C678}.Debug|Any CPU.ActiveCfg = Debug|Any CPU
		{4C47D9BA-184A-4C3C-903C-2E5C78F4C678}.Debug|Any CPU.Build.0 = Debug|Any CPU
		{4C47D9BA-184A-4C3C-903C-2E5C78F4C678}.Release|Any CPU.ActiveCfg = Release|Any CPU
		{4C47D9BA-184A-4C3C-903C-2E5C78F4C678}.Release|Any CPU.Build.0 = Release|Any CPU
	EndGlobalSection
	GlobalSection(SolutionProperties) = preSolution
		HideSolutionNode = FALSE
	EndGlobalSection
	GlobalSection(ExtensibilityGlobals) = postSolution
		SolutionGuid = {A5196CAE-B6AC-42F6-AA8C-7529E60232D1}
	EndGlobalSection
EndGlobal
